{
  "version": "4",
  "specifiers": {
    "jsr:@david/dax@0.42.0": "0.42.0",
    "jsr:@david/path@0.2": "0.2.0",
    "jsr:@david/which@~0.4.1": "0.4.1",
    "jsr:@std/assert@0.221": "0.221.0",
    "jsr:@std/assert@1": "1.0.12",
    "jsr:@std/bytes@0.221": "0.221.0",
    "jsr:@std/fmt@1": "1.0.3",
    "jsr:@std/fs@1": "1.0.6",
    "jsr:@std/internal@^1.0.6": "1.0.6",
    "jsr:@std/io@0.221": "0.221.0",
    "jsr:@std/path@1": "1.0.8",
    "jsr:@std/path@^1.0.8": "1.0.8",
    "jsr:@std/streams@0.221": "0.221.0"
  },
  "jsr": {
    "@david/dax@0.42.0": {
      "integrity": "0c547c9a20577a6072b90def194c159c9ddab82280285ebfd8268a4ebefbd80b",
      "dependencies": [
        "jsr:@david/path",
        "jsr:@david/which",
        "jsr:@std/fmt",
        "jsr:@std/fs",
        "jsr:@std/io",
        "jsr:@std/path@1",
        "jsr:@std/streams"
      ]
    },
    "@david/path@0.2.0": {
      "integrity": "f2d7aa7f02ce5a55e27c09f9f1381794acb09d328f8d3c8a2e3ab3ffc294dccd",
      "dependencies": [
        "jsr:@std/fs",
        "jsr:@std/path@1"
      ]
    },
    "@david/which@0.4.1": {
      "integrity": "896a682b111f92ab866cc70c5b4afab2f5899d2f9bde31ed00203b9c250f225e"
    },
    "@std/assert@0.221.0": {
      "integrity": "a5f1aa6e7909dbea271754fd4ab3f4e687aeff4873b4cef9a320af813adb489a"
    },
    "@std/assert@1.0.12": {
      "integrity": "08009f0926dda9cbd8bef3a35d3b6a4b964b0ab5c3e140a4e0351fbf34af5b9a",
      "dependencies": [
        "jsr:@std/internal"
      ]
    },
    "@std/bytes@0.221.0": {
      "integrity": "64a047011cf833890a4a2ab7293ac55a1b4f5a050624ebc6a0159c357de91966"
    },
    "@std/fmt@1.0.3": {
      "integrity": "97765c16aa32245ff4e2204ecf7d8562496a3cb8592340a80e7e554e0bb9149f"
    },
    "@std/fs@1.0.6": {
      "integrity": "42b56e1e41b75583a21d5a37f6a6a27de9f510bcd36c0c85791d685ca0b85fa2",
      "dependencies": [
        "jsr:@std/path@^1.0.8"
      ]
    },
    "@std/internal@1.0.6": {
      "integrity": "9533b128f230f73bd209408bb07a4b12f8d4255ab2a4d22a1fd6d87304aca9a4"
    },
    "@std/io@0.221.0": {
      "integrity": "faf7f8700d46ab527fa05cc6167f4b97701a06c413024431c6b4d207caa010da",
      "dependencies": [
        "jsr:@std/assert@0.221",
        "jsr:@std/bytes"
      ]
    },
    "@std/path@1.0.8": {
      "integrity": "548fa456bb6a04d3c1a1e7477986b6cffbce95102d0bb447c67c4ee70e0364be"
    },
    "@std/streams@0.221.0": {
      "integrity": "47f2f74634b47449277c0ee79fe878da4424b66bd8975c032e3afdca88986e61",
      "dependencies": [
        "jsr:@std/io"
      ]
    }
  },
  "redirects": {
    "https://unpkg.com/ical.js/dist/ical.min.js": "https://unpkg.com/ical.js@2.1.0/dist/ical.min.js"
  },
  "remote": {
    "https://esm.sh/gh/doga/IRI@3.0.0/denonext/mod.mjs": "be94d5b2c0c909d88644a3f368b24e9496326f097598b59444e00f9a9a25ba20",
    "https://esm.sh/gh/doga/IRI@3.0.0/mod.mjs": "1462c638f369bca36415bcaaeb7f26b0a26aa66df54ca24e1810d085c7c79a02",
    "https://esm.sh/gh/doga/IRI@3.1.2/denonext/mod.mjs": "c83be4fef51d3ede159955aa786921885746688af1e632c9bb72efdad619db37",
    "https://esm.sh/gh/doga/IRI@3.1.2/mod.mjs": "a44115a0a341789922b13da9d64a6ed2b656551be9f3a2d5e61f129803fe8ccb",
    "https://esm.sh/gh/doga/IRI@3.1.3/denonext/mod.mjs": "db8fb2200ddbe703e1b2f5abcd5e8b5bbaa48a2f5f83844a63211c789f375ce3",
    "https://esm.sh/gh/doga/IRI@3.1.3/mod.mjs": "4c9b7a75faecce263bfa3233366c7ca9a0f99e2631ff0d32c99061f835b68620",
    "https://esm.sh/gh/doga/base64@1.0.0/denonext/mod.mjs": "b8473de8503718ecd17af86c9aaa00e8054e0ecdb9787e8f55827f7224385d5a",
    "https://esm.sh/gh/doga/base64@1.0.0/mod.mjs": "70714d2677cf6ff1f731dfd66cc5f1a9ac029392ff27978b2024e6d434ec3e17",
    "https://esm.sh/gh/doga/punycode@1.0.0/mod.mjs": "4448b30deb82ecf333360321ee2e05b7a87f873c141fe0eec91b983a7e381152",
    "https://esm.sh/gh/doga/qworum-domain-model@0.9.0/denonext/mod.mjs": "3871635441e19e7e49c4ec737b46ed2af33dd994e54b49252bd0014be3c67311",
    "https://esm.sh/gh/doga/qworum-domain-model@0.9.0/mod.mjs": "09cf4f8529b3d069f9284e399844bceb07f95f2f0f891969172077e84a3b1a53",
    "https://esm.sh/gh/doga/qworum-domain-model@0.9.10/denonext/mod.mjs": "be59a433a9f0cfc385cc2a50c7bdb85a13659f3741010a759cf7517f6583270e",
    "https://esm.sh/gh/doga/qworum-domain-model@0.9.10/mod.mjs": "ec7951ea94de07d83ab4a5e072fa62f42c331e68868761d4636cf116c72e48c7",
    "https://esm.sh/gh/doga/qworum-domain-model@0.9.14/denonext/mod.mjs": "50ccc686f3f7dd830dc8874c867413b71637e95f6c3f033c7707243a01853b49",
    "https://esm.sh/gh/doga/qworum-domain-model@0.9.14/mod.mjs": "d8439ba1973cffbb1e3d505494fd9c72ac7cd5ca8bf4f9061822599242aca905",
    "https://esm.sh/gh/doga/qworum-domain-model@0.9.15/denonext/mod.mjs": "37a1fb1755ada15b4f037203f9c018d9e39c310712ee18b78ee311a101400215",
    "https://esm.sh/gh/doga/qworum-domain-model@0.9.15/mod.mjs": "ddd38fb093e9ba8b74ac3889a9f062d12ebb4abbf7922cf9e64d7cab64db07f9",
    "https://esm.sh/gh/doga/qworum-domain-model@0.9.16/denonext/mod.mjs": "ae65cca88add478e7a1918213a2331e75214c38e71d3966922d5837e4a74b590",
    "https://esm.sh/gh/doga/qworum-domain-model@0.9.16/mod.mjs": "dc1b2e06fe2e5bd3898ceaaea166ee3fb29b929e680df7b086b3ce8b0836e82f",
    "https://esm.sh/gh/doga/qworum-domain-model@0.9.2/denonext/mod.mjs": "cab40537688da742df7927a9101bd00437a3d63adb14495bee3483ed0ffe335e",
    "https://esm.sh/gh/doga/qworum-domain-model@0.9.2/mod.mjs": "913c061acd625bfe0ff5ed0367f6e9a511e43c36f55ef7a1bc2d1a994a478724",
    "https://esm.sh/gh/doga/qworum-domain-model@0.9.20/denonext/mod.mjs": "a464d2f582eccd972c53ebe909c1090002d8eb3652a44c81b2c5cfcf8e436cf6",
    "https://esm.sh/gh/doga/qworum-domain-model@0.9.20/mod.mjs": "2295b7b4ef27a7902e4a2c9eeca7434f4dc557f09931b8fb9243cd4b347aca1b",
    "https://esm.sh/gh/doga/qworum-domain-model@0.9.3/denonext/mod.mjs": "ce1dbf0280a1123364c3e6cf16169589635a856be8c0fc54f5099f881774a830",
    "https://esm.sh/gh/doga/qworum-domain-model@0.9.3/mod.mjs": "816b95802cc3ba9b0de2d80b96932484834d212b9bb895ceb3dc8b242a21c6da",
    "https://esm.sh/gh/doga/qworum-domain-model@0.9.4/denonext/mod.mjs": "059b60cd0a90885883caa6deced3c90428c02a87b237e426ecfa58c2e36501e6",
    "https://esm.sh/gh/doga/qworum-domain-model@0.9.4/mod.mjs": "06a265a373b27744ff88cd125d24a3b23bd517717ad894edefee87161a1beee5",
    "https://esm.sh/gh/doga/qworum-domain-model@0.9.7/denonext/mod.mjs": "4c2352cadf51177d3e5f027903fb40b01b79baca0b7e0a5ffa8b120c483f0ab7",
    "https://esm.sh/gh/doga/qworum-domain-model@0.9.7/mod.mjs": "7eb17ae20caf7a42ee19e10eee154cb114f53c9e157959e7f834c13b10f6d19a",
    "https://esm.sh/gh/doga/qworum-domain-model@0.9.9/denonext/mod.mjs": "962386a0a60c2d73801a39edb616302954f095de7a2d02e14d5aebd7bc3440da",
    "https://esm.sh/gh/doga/qworum-domain-model@0.9.9/mod.mjs": "2676b37df180ad8f54f4b6a417f028e7bc6e0ebdb682ec077024a1ad804f073e",
    "https://esm.sh/gh/doga/rdf-json-parser@1.1.1/denonext/mod.mjs": "918f232679a878499786aa3bc09a34559169c70a49dabb8390d7e178c5eb102a",
    "https://esm.sh/gh/doga/rdf-json-parser@1.1.1/mod.mjs": "e101867b5516942efe541c2244868897f1321f2aae88c997a5b1ab009add310c",
    "https://esm.sh/gh/rdfjs/data-model@v2.1.0": "9bfd3d16878c50e4da8ba379e37f827e057b7ff9095550b423e145697fa028fa",
    "https://esm.sh/gh/rdfjs/data-model@v2.1.0/denonext/data-model.mjs": "a0a7331b2d11669ce20bb6de04b1cf343674f9b97dbd6e9775487b00077f15a0",
    "https://esm.sh/gh/rdfjs/dataset@v2.0.2": "66eadbc4b78d2d917216ff48ddfca496e424181cd36c66b23a4f4379b942b0a8",
    "https://esm.sh/gh/rdfjs/dataset@v2.0.2/denonext/dataset.mjs": "190534eea7503589971267aa775db135f3285135fbb13aa555fcf39d0e03b2d5",
    "https://esm.sh/v135/gh/doga/punycode@1.0.0/denonext/mod.js": "0487c25f67df311ae32ce8b85d2fe56f571e6af6eb5ae8bee3060ac4c3a956bf",
    "https://unpkg.com/ical.js@2.1.0/dist/ical.min.js": "4a8ca1647b5b93e5fcf5fee59c4ad1c597138d108cc2c7e88854f688f711436d"
  }
}
